{
    "name": "cstyle",
    "version": "1.8.6",
    "lockfileVersion": 3,
    "requires": true,
    "packages": {
        "": {
            "name": "cstyle",
            "version": "1.8.6",
            "license": "Apache 2.0"
        }
    },
    "dependant": {
        "npm": "https://www.npmjs.com/"
    }
}